
Microsoft Visual Studio Solution File, Format Version 12.00
# Visual Studio Version 17
VisualStudioVersion = 17.3.32922.545
MinimumVisualStudioVersion = 10.0.40219.1
Project("{8BC9CEB8-8B4A-11D0-8D11-00A0C91BC942}") = "12.3(it)", "12.3(it)\12.3(it).vcxproj", "{6542FF05-F0B5-4C66-969E-B58ED801CCAB}"
EndProject
Project("{8BC9CEB8-8B4A-11D0-8D11-00A0C91BC942}") = "UnitTest1", "UnitTest1\UnitTest1.vcxproj", "{7E006F6B-8302-464A-8250-CF99444178B0}"
EndProject
Global
	GlobalSection(SolutionConfigurationPlatforms) = preSolution
		Debug|x64 = Debug|x64
		Debug|x86 = Debug|x86
		Release|x64 = Release|x64
		Release|x86 = Release|x86
	EndGlobalSection
	GlobalSection(ProjectConfigurationPlatforms) = postSolution
		{6542FF05-F0B5-4C66-969E-B58ED801CCAB}.Debug|x64.ActiveCfg = Debug|x64
		{6542FF05-F0B5-4C66-969E-B58ED801CCAB}.Debug|x64.Build.0 = Debug|x64
		{6542FF05-F0B5-4C66-969E-B58ED801CCAB}.Debug|x86.ActiveCfg = Debug|Win32
		{6542FF05-F0B5-4C66-969E-B58ED801CCAB}.Debug|x86.Build.0 = Debug|Win32
		{6542FF05-F0B5-4C66-969E-B58ED801CCAB}.Release|x64.ActiveCfg = Release|x64
		{6542FF05-F0B5-4C66-969E-B58ED801CCAB}.Release|x64.Build.0 = Release|x64
		{6542FF05-F0B5-4C66-969E-B58ED801CCAB}.Release|x86.ActiveCfg = Release|Win32
		{6542FF05-F0B5-4C66-969E-B58ED801CCAB}.Release|x86.Build.0 = Release|Win32
		{7E006F6B-8302-464A-8250-CF99444178B0}.Debug|x64.ActiveCfg = Debug|x64
		{7E006F6B-8302-464A-8250-CF99444178B0}.Debug|x64.Build.0 = Debug|x64
		{7E006F6B-8302-464A-8250-CF99444178B0}.Debug|x86.ActiveCfg = Debug|Win32
		{7E006F6B-8302-464A-8250-CF99444178B0}.Debug|x86.Build.0 = Debug|Win32
		{7E006F6B-8302-464A-8250-CF99444178B0}.Release|x64.ActiveCfg = Release|x64
		{7E006F6B-8302-464A-8250-CF99444178B0}.Release|x64.Build.0 = Release|x64
		{7E006F6B-8302-464A-8250-CF99444178B0}.Release|x86.ActiveCfg = Release|Win32
		{7E006F6B-8302-464A-8250-CF99444178B0}.Release|x86.Build.0 = Release|Win32
	EndGlobalSection
	GlobalSection(SolutionProperties) = preSolution
		HideSolutionNode = FALSE
	EndGlobalSection
	GlobalSection(ExtensibilityGlobals) = postSolution
		SolutionGuid = {F305D272-462F-476D-BC62-158FE1566E07}
	EndGlobalSection
EndGlobal
